github.com/alecthomas/chroma/v2 v2.13.0 h1:VP72ayapXSGEOeKZmWey5mNH9Nl/6bm4CN9BSy4HeMo=
github.com/alecthomas/chroma/v2 v2.13.0/go.mod h1:BUGjjsD+ndS6eX37YgTchSEkS6fjn1G/UBB8x6Nb6g=
github.com/dlclark/regexp2 v1.11.0 h1:+/GIL799phkJqYW+3YbOd8LCcbHzT0Pbo8zl5MCC5rY=
github.com/dlclark/regexp2 v1.11.0/go.mod h1:DHkYz0B9wPfa6wondMfaivmHpzrQ3v9q8cnmRbL6yW8=
golang.org/x/sys v0.20.0 h1:Od9JTbYCk261bKm4M/mw7AklTlFYIa0bIp9BgSm1S8Y=
golang.org/x/sys v0.20.0/go.mod h1:/VUhepiaJMbbeZIIzcGqYyhAIqz1YZcxzRe8dDp4Yw=
golang.org/x/term v0.20.0 h1:VnkxpohqXaOBYJtjGME2mOoRFVxU5llaqGfbCdCOB7k=
golang.org/x/term v0.20.0/go.mod h1:8UkIAJTvZgivsXaD6/pH6U9ecQzZ45awqEOzuCvwpFY=
